
Microsoft Visual Studio Solution File, Format Version 12.00
# Visual Studio 2012
Project("{FAE04EC0-301F-11D3-BF4B-00C04F79EFBC}") = "Electric Management System", "Electric Management System\Electric Management System.csproj", "{6FE969F0-9EC4-415A-8E7F-E81434E23CAD}"
EndProject
Global
	GlobalSection(SolutionConfigurationPlatforms) = preSolution
		Debug|Any CPU = Debug|Any CPU
		Release|Any CPU = Release|Any CPU
	EndGlobalSection
	GlobalSection(ProjectConfigurationPlatforms) = postSolution
		{6FE969F0-9EC4-415A-8E7F-E81434E23CAD}.Debug|Any CPU.ActiveCfg = Debug|Any CPU
		{6FE969F0-9EC4-415A-8E7F-E81434E23CAD}.Debug|Any CPU.Build.0 = Debug|Any CPU
		{6FE969F0-9EC4-415A-8E7F-E81434E23CAD}.Release|Any CPU.ActiveCfg = Release|Any CPU
		{6FE969F0-9EC4-415A-8E7F-E81434E23CAD}.Release|Any CPU.Build.0 = Release|Any CPU
	EndGlobalSection
	GlobalSection(SolutionProperties) = preSolution
		HideSolutionNode = FALSE
	EndGlobalSection
EndGlobal
