
Microsoft Visual Studio Solution File, Format Version 11.00
# Visual Studio 2010
Project("{FAE04EC0-301F-11D3-BF4B-00C04F79EFBC}") = "Electric Management System", "Electric Management System\Electric Management System.csproj", "{6FE969F0-9EC4-415A-8E7F-E81434E23CAD}"
EndProject
Project("{54435603-DBB4-11D2-8724-00A0C9A8B90C}") = "EMS  Installer", "EMS  Installer\EMS  Installer.vdproj", "{1B5EBF2B-8EC2-4E00-95D7-486BFF514D0A}"
EndProject
Global
	GlobalSection(SolutionConfigurationPlatforms) = preSolution
		Debug|Any CPU = Debug|Any CPU
		Release|Any CPU = Release|Any CPU
	EndGlobalSection
	GlobalSection(ProjectConfigurationPlatforms) = postSolution
		{6FE969F0-9EC4-415A-8E7F-E81434E23CAD}.Debug|Any CPU.ActiveCfg = Debug|Any CPU
		{6FE969F0-9EC4-415A-8E7F-E81434E23CAD}.Debug|Any CPU.Build.0 = Debug|Any CPU
		{6FE969F0-9EC4-415A-8E7F-E81434E23CAD}.Release|Any CPU.ActiveCfg = Release|Any CPU
		{6FE969F0-9EC4-415A-8E7F-E81434E23CAD}.Release|Any CPU.Build.0 = Release|Any CPU
		{1B5EBF2B-8EC2-4E00-95D7-486BFF514D0A}.Debug|Any CPU.ActiveCfg = Debug
		{1B5EBF2B-8EC2-4E00-95D7-486BFF514D0A}.Release|Any CPU.ActiveCfg = Release
	EndGlobalSection
	GlobalSection(SolutionProperties) = preSolution
		HideSolutionNode = FALSE
	EndGlobalSection
EndGlobal
